<?xml version="1.0" encoding="utf-8"?>
<Project ToolsVersion="4.0" xmlns="http://schemas.microsoft.com/developer/msbuild/2003">
  <ItemGroup>
    <Filter Include="Source Files">
      <UniqueIdentifier>{4FC737F1-C7A5-4376-A066-2A32D752A2FF}</UniqueIdentifier>
      <Extensions>cpp;c;cc;cxx;def;odl;idl;hpj;bat;asm;asmx</Extensions>
    </Filter>
    <Filter Include="Resource Files">
      <UniqueIdentifier>{67DA6AB6-F800-4c08-8B7A-83BB121AAD01}</UniqueIdentifier>
      <Extensions>rc;ico;cur;bmp;dlg;rc2;rct;bin;rgs;gif;jpg;jpeg;jpe;resx;tiff;tif;png;wav</Extensions>
    </Filter>
    <Filter Include="Source Files\gui">
      <UniqueIdentifier>{25acf5be-de67-4e56-82f3-a022d38500f3}</UniqueIdentifier>
    </Filter>
    <Filter Include="Source Files\core">
      <UniqueIdentifier>{b294891d-8d8f-499d-b287-c1999dd2197e}</UniqueIdentifier>
    </Filter>
    <Filter Include="Source Files\tools">
      <UniqueIdentifier>{3b5d2b2a-4f3e-4790-9c4d-3916afee75ab}</UniqueIdentifier>
    </Filter>
    <Filter Include="Source Files\shader">
      <UniqueIdentifier>{837b9ba2-ff18-492b-89c7-cd0ec8e14a6a}</UniqueIdentifier>
    </Filter>
    <Filter Include="Source Files\TinyEXIF">
      <UniqueIdentifier>{36c2ff6a-3214-4c6a-8e39-176e7b5965a2}</UniqueIdentifier>
    </Filter>
  </ItemGroup>
  <ItemGroup>
    <ClCompile Include="..\src\mameed.cpp">
      <Filter>Source Files</Filter>
    </ClCompile>
    <ClCompile Include="..\src\F13FileList.cpp">
      <Filter>Source Files\gui</Filter>
    </ClCompile>
    <ClCompile Include="..\src\F13KeyValueList.cpp">
      <Filter>Source Files\gui</Filter>
    </ClCompile>
    <ClCompile Include="..\src\Fltk13GUI.cpp">
      <Filter>Source Files\gui</Filter>
    </ClCompile>
    <ClCompile Include="..\src\MCore.cpp">
      <Filter>Source Files\core</Filter>
    </ClCompile>
    <ClCompile Include="..\src\MDDir.cpp">
      <Filter>Source Files\core</Filter>
    </ClCompile>
    <ClCompile Include="..\src\MDFile.cpp">
      <Filter>Source Files\core</Filter>
    </ClCompile>
    <ClCompile Include="..\src\MDProperty.cpp">
      <Filter>Source Files\core</Filter>
    </ClCompile>
    <ClCompile Include="..\src\MConfig.cpp">
      <Filter>Source Files</Filter>
    </ClCompile>
    <ClCompile Include="..\src\Fltk13WorldMap.cpp">
      <Filter>Source Files\gui</Filter>
    </ClCompile>
    <ClCompile Include="..\src\MapTile.cpp">
      <Filter>Source Files\gui</Filter>
    </ClCompile>
    <ClCompile Include="..\src\MapTileZoomLevel.cpp">
      <Filter>Source Files\gui</Filter>
    </ClCompile>
    <ClCompile Include="..\tools\ddsfile.cpp">
      <Filter>Source Files\tools</Filter>
    </ClCompile>
    <ClCompile Include="..\tools\MLOpenGLTex.cpp">
      <Filter>Source Files\tools</Filter>
    </ClCompile>
    <ClCompile Include="..\tools\GLee.c">
      <Filter>Source Files\tools</Filter>
    </ClCompile>
    <ClCompile Include="..\tools\shader.cpp">
      <Filter>Source Files\tools</Filter>
    </ClCompile>
    <ClCompile Include="..\src\ExifFileM.cpp">
      <Filter>Source Files\core</Filter>
    </ClCompile>
    <ClCompile Include="..\src\Fltk13Widgets.cpp">
      <Filter>Source Files\gui</Filter>
    </ClCompile>
    <ClCompile Include="..\src\Fltk13Preview.cpp">
      <Filter>Source Files\gui</Filter>
    </ClCompile>
    <ClCompile Include="..\src\F13KeyValueGroup.cpp">
      <Filter>Source Files\gui</Filter>
    </ClCompile>
    <ClCompile Include="..\src\Fl_JPEG_Image-Fast.cpp">
      <Filter>Source Files\gui</Filter>
    </ClCompile>
    <ClCompile Include="..\src\FlImgTools.cpp">
      <Filter>Source Files\gui</Filter>
    </ClCompile>
    <ClCompile Include="..\src\Heif_Image.cpp">
      <Filter>Source Files\gui</Filter>
    </ClCompile>
    <ClCompile Include="..\..\..\_libs\TinyEXIF\TinyEXIF.cpp">
      <Filter>Source Files\TinyEXIF</Filter>
    </ClCompile>
  </ItemGroup>
  <ItemGroup>
    <ClInclude Include="..\src\F13FileList.h">
      <Filter>Source Files\gui</Filter>
    </ClInclude>
    <ClInclude Include="..\src\F13KeyValueList.h">
      <Filter>Source Files\gui</Filter>
    </ClInclude>
    <ClInclude Include="..\src\Fltk13GUI.h">
      <Filter>Source Files\gui</Filter>
    </ClInclude>
    <ClInclude Include="..\src\MCore.h">
      <Filter>Source Files\core</Filter>
    </ClInclude>
    <ClInclude Include="..\src\MDDir.h">
      <Filter>Source Files\core</Filter>
    </ClInclude>
    <ClInclude Include="..\src\MDFile.h">
      <Filter>Source Files\core</Filter>
    </ClInclude>
    <ClInclude Include="..\src\MDProperty.h">
      <Filter>Source Files\core</Filter>
    </ClInclude>
    <ClInclude Include="..\src\MGUI.h">
      <Filter>Source Files\gui</Filter>
    </ClInclude>
    <ClInclude Include="resource.h">
      <Filter>Source Files\gui</Filter>
    </ClInclude>
    <ClInclude Include="..\src\MConfig.h">
      <Filter>Source Files</Filter>
    </ClInclude>
    <ClInclude Include="..\src\Fltk13WorldMap.h">
      <Filter>Source Files\gui</Filter>
    </ClInclude>
    <ClInclude Include="..\src\MapTile.h">
      <Filter>Source Files\gui</Filter>
    </ClInclude>
    <ClInclude Include="..\src\MapTileZoomLevel.h">
      <Filter>Source Files\gui</Filter>
    </ClInclude>
    <ClInclude Include="..\tools\ddsfile.h">
      <Filter>Source Files\tools</Filter>
    </ClInclude>
    <ClInclude Include="..\tools\MLImage.h">
      <Filter>Source Files\tools</Filter>
    </ClInclude>
    <ClInclude Include="..\tools\MLOpenGLTex.h">
      <Filter>Source Files\tools</Filter>
    </ClInclude>
    <ClInclude Include="..\tools\GLee.h">
      <Filter>Source Files\tools</Filter>
    </ClInclude>
    <ClInclude Include="..\tools\shader.h">
      <Filter>Source Files\tools</Filter>
    </ClInclude>
    <ClInclude Include="..\src\ExifFileM.h">
      <Filter>Source Files\core</Filter>
    </ClInclude>
    <ClInclude Include="..\src\Fltk13Widgets.h">
      <Filter>Source Files\gui</Filter>
    </ClInclude>
    <ClInclude Include="..\src\Fltk13Preview.h">
      <Filter>Source Files\gui</Filter>
    </ClInclude>
    <ClInclude Include="..\src\F13KeyValueGroup.h">
      <Filter>Source Files\gui</Filter>
    </ClInclude>
    <ClInclude Include="..\src\Fl_JPEG_Image-Fast.h">
      <Filter>Source Files\gui</Filter>
    </ClInclude>
    <ClInclude Include="..\src\FlImgTools.h">
      <Filter>Source Files\gui</Filter>
    </ClInclude>
    <ClInclude Include="..\src\Heif_Image.h">
      <Filter>Source Files\gui</Filter>
    </ClInclude>
    <ClInclude Include="..\..\..\_libs\TinyEXIF\TinyEXIF.h">
      <Filter>Source Files\TinyEXIF</Filter>
    </ClInclude>
  </ItemGroup>
  <ItemGroup>
    <ResourceCompile Include="mameed.rc">
      <Filter>Resource Files</Filter>
    </ResourceCompile>
  </ItemGroup>
  <ItemGroup>
    <None Include="..\div\mameed-icon.ico">
      <Filter>Resource Files</Filter>
    </None>
    <None Include="..\bin\mameed.ini">
      <Filter>Source Files</Filter>
    </None>
    <None Include="..\shader\Fltk13WorldMap.fragment">
      <Filter>Source Files\shader</Filter>
    </None>
    <None Include="..\shader\Fltk13WorldMap.vertex">
      <Filter>Source Files\shader</Filter>
    </None>
  </ItemGroup>
</Project>